hash: e787d74ba8941e40c89677ac6c7535f72780013580fcc7b880547a15298ffcf7
updated: 2017-07-21T15:10:48.324083799-04:00
imports:
- name: github.com/dgrijalva/jwt-go
  version: d2709f9f1f31ebcda9651b03077758c1f3a0018c
- name: github.com/go-chi/chi
  version: 08660a0ad10a8fa7beab3ad43afe66373d49d06a
- name: github.com/go-sql-driver/mysql
  version: a732e14c62dde3285440047bba97581bc472ae18
- name: github.com/jinzhu/gorm
  version: 5174cc5c242a728b435ea2be8a2f7f998e15429b
- name: github.com/lib/pq
  version: ca5bc43047f2138703da0f3d3ca89a59f3d597f1
- name: github.com/logpacker/PayPal-Go-SDK
  version: 6745ee0f8097cd1dd95a3abf9e978a3a4ed3fdb8
- name: github.com/mattes/vat
  version: 805d21ad07390288471b830934b4c08304774dc6
- name: github.com/mattn/go-sqlite3
  version: 3b3f1d01b2696af5501697c35629048c227586ab
- name: github.com/netlify/mailme
  version: 3b136431fdebea1d886bbd1a30b23c43e2d8b4d0
- name: github.com/pborman/uuid
  version: a97ce2ca70fa5a848076093f05e639a89ca34d06
- name: github.com/pkg/errors
  version: 645ef00459ed84a119197bfb8d8205042c6df63d
- name: github.com/PuerkitoBio/goquery
  version: e1271ee34c6a305e38566ecd27ae374944907ee9
- name: github.com/rs/cors
  version: a62a804a8a009876ca59105f7899938a1349f4b3
- name: github.com/spf13/cobra
  version: fcd0c5a1df88f5d6784cb4feead962c3f3d0b66c
- name: github.com/spf13/viper
  version: 7538d73b4eb9511d85a9f1dfef202eeb8ac260f4
- name: github.com/stripe/stripe-go
  version: 250fb5fdb3e4001e3388f6410f648ea178b3262e
  subpackages:
  - client
- name: gopkg.in/gomail.v2
  version: 41f3572897373c5538c50a2402db15db079fa4fd
testImports:
- name: github.com/stretchr/testify
  version: f390dcf405f7b83c997eac1b06768bb9f44dec18
  subpackages:
  - assert
  - require
